
Microsoft Visual Studio Solution File, Format Version 12.00
# Visual Studio Version 17
VisualStudioVersion = 17.14.36518.9 d17.14
MinimumVisualStudioVersion = 10.0.40219.1
Project("{8BC9CEB8-8B4A-11D0-8D11-00A0C91BC942}") = "1 strategija", "1 strategija.vcxproj", "{645EFE14-08AC-4114-AB4B-308951C7CB18}"
EndProject
Global
	GlobalSection(SolutionConfigurationPlatforms) = preSolution
		Debug|x64 = Debug|x64
		Debug|x86 = Debug|x86
		Release|x64 = Release|x64
		Release|x86 = Release|x86
	EndGlobalSection
	GlobalSection(ProjectConfigurationPlatforms) = postSolution
		{645EFE14-08AC-4114-AB4B-308951C7CB18}.Debug|x64.ActiveCfg = Debug|x64
		{645EFE14-08AC-4114-AB4B-308951C7CB18}.Debug|x64.Build.0 = Debug|x64
		{645EFE14-08AC-4114-AB4B-308951C7CB18}.Debug|x86.ActiveCfg = Debug|Win32
		{645EFE14-08AC-4114-AB4B-308951C7CB18}.Debug|x86.Build.0 = Debug|Win32
		{645EFE14-08AC-4114-AB4B-308951C7CB18}.Release|x64.ActiveCfg = Release|x64
		{645EFE14-08AC-4114-AB4B-308951C7CB18}.Release|x64.Build.0 = Release|x64
		{645EFE14-08AC-4114-AB4B-308951C7CB18}.Release|x86.ActiveCfg = Release|Win32
		{645EFE14-08AC-4114-AB4B-308951C7CB18}.Release|x86.Build.0 = Release|Win32
	EndGlobalSection
	GlobalSection(SolutionProperties) = preSolution
		HideSolutionNode = FALSE
	EndGlobalSection
	GlobalSection(ExtensibilityGlobals) = postSolution
		SolutionGuid = {22627E9C-DDC6-410D-B87F-22F5DD95F972}
	EndGlobalSection
EndGlobal
